
Microsoft Visual Studio Solution File, Format Version 12.00
# Visual Studio 15
VisualStudioVersion = 15.0.26730.16
MinimumVisualStudioVersion = 10.0.40219.1
Project("{FAE04EC0-301F-11D3-BF4B-00C04F79EFBC}") = "aspnetcore_Arne_Berckmans", "aspnetcore_Arne_Berckmans\aspnetcore_Arne_Berckmans.csproj", "{30A7959D-4CAE-4119-9858-8C0E39FAB5D2}"
EndProject
Global
	GlobalSection(SolutionConfigurationPlatforms) = preSolution
		Debug|Any CPU = Debug|Any CPU
		Release|Any CPU = Release|Any CPU
	EndGlobalSection
	GlobalSection(ProjectConfigurationPlatforms) = postSolution
		{30A7959D-4CAE-4119-9858-8C0E39FAB5D2}.Debug|Any CPU.ActiveCfg = Debug|Any CPU
		{30A7959D-4CAE-4119-9858-8C0E39FAB5D2}.Debug|Any CPU.Build.0 = Debug|Any CPU
		{30A7959D-4CAE-4119-9858-8C0E39FAB5D2}.Release|Any CPU.ActiveCfg = Release|Any CPU
		{30A7959D-4CAE-4119-9858-8C0E39FAB5D2}.Release|Any CPU.Build.0 = Release|Any CPU
	EndGlobalSection
	GlobalSection(SolutionProperties) = preSolution
		HideSolutionNode = FALSE
	EndGlobalSection
	GlobalSection(ExtensibilityGlobals) = postSolution
		SolutionGuid = {E8C88D67-1E19-4CCE-8414-0A4D608A0FEA}
	EndGlobalSection
EndGlobal
